// !$*UTF8*$!
{
	archiveVersion = 1;
	classes = {
	};
	objectVersion = 55;
	objects = {

/* Begin PBXBuildFile section */
		B69D588C270D8A4000F3ED77 /* Moonshot_V3App.swift in Sources */ = {isa = PBXBuildFile; fileRef = B69D588B270D8A4000F3ED77 /* Moonshot_V3App.swift */; };
		B69D588E270D8A4000F3ED77 /* ContentView.swift in Sources */ = {isa = PBXBuildFile; fileRef = B69D588D270D8A4000F3ED77 /* ContentView.swift */; };
		B69D5890270D8A4300F3ED77 /* Assets.xcassets in Resources */ = {isa = PBXBuildFile; fileRef = B69D588F270D8A4300F3ED77 /* Assets.xcassets */; };
		B69D5893270D8A4300F3ED77 /* Preview Assets.xcassets in Resources */ = {isa = PBXBuildFile; fileRef = B69D5892270D8A4300F3ED77 /* Preview Assets.xcassets */; };
		B69D589D270D8A4300F3ED77 /* Moonshot_V3Tests.swift in Sources */ = {isa = PBXBuildFile; fileRef = B69D589C270D8A4300F3ED77 /* Moonshot_V3Tests.swift */; };
		B69D58A7270D8A4300F3ED77 /* Moonshot_V3UITests.swift in Sources */ = {isa = PBXBuildFile; fileRef = B69D58A6270D8A4300F3ED77 /* Moonshot_V3UITests.swift */; };
		B69D58A9270D8A4300F3ED77 /* Moonshot_V3UITestsLaunchTests.swift in Sources */ = {isa = PBXBuildFile; fileRef = B69D58A8270D8A4300F3ED77 /* Moonshot_V3UITestsLaunchTests.swift */; };
/* End PBXBuildFile section */

/* Begin PBXContainerItemProxy section */
		B69D5899270D8A4300F3ED77 /* PBXContainerItemProxy */ = {
			isa = PBXContainerItemProxy;
			containerPortal = B69D5880270D8A4000F3ED77 /* Project object */;
			proxyType = 1;
			remoteGlobalIDString = B69D5887270D8A4000F3ED77;
			remoteInfo = "Moonshot V3";
		};
		B69D58A3270D8A4300F3ED77 /* PBXContainerItemProxy */ = {
			isa = PBXContainerItemProxy;
			containerPortal = B69D5880270D8A4000F3ED77 /* Project object */;
			proxyType = 1;
			remoteGlobalIDString = B69D5887270D8A4000F3ED77;
			remoteInfo = "Moonshot V3";
		};
/* End PBXContainerItemProxy section */

/* Begin PBXFileReference section */
		B69D5888270D8A4000F3ED77 /* Moonshot V3.app */ = {isa = PBXFileReference; explicitFileType = wrapper.application; includeInIndex = 0; path = "Moonshot V3.app"; sourceTree = BUILT_PRODUCTS_DIR; };
		B69D588B270D8A4000F3ED77 /* Moonshot_V3App.swift */ = {isa = PBXFileReference; lastKnownFileType = sourcecode.swift; path = Moonshot_V3App.swift; sourceTree = "<group>"; };
		B69D588D270D8A4000F3ED77 /* ContentView.swift */ = {isa = PBXFileReference; lastKnownFileType = sourcecode.swift; path = ContentView.swift; sourceTree = "<group>"; };
		B69D588F270D8A4300F3ED77 /* Assets.xcassets */ = {isa = PBXFileReference; lastKnownFileType = folder.assetcatalog; path = Assets.xcassets; sourceTree = "<group>"; };
		B69D5892270D8A4300F3ED77 /* Preview Assets.xcassets */ = {isa = PBXFileReference; lastKnownFileType = folder.assetcatalog; path = "Preview Assets.xcassets"; sourceTree = "<group>"; };
		B69D5898270D8A4300F3ED77 /* Moonshot V3Tests.xctest */ = {isa = PBXFileReference; explicitFileType = wrapper.cfbundle; includeInIndex = 0; path = "Moonshot V3Tests.xctest"; sourceTree = BUILT_PRODUCTS_DIR; };
		B69D589C270D8A4300F3ED77 /* Moonshot_V3Tests.swift */ = {isa = PBXFileReference; lastKnownFileType = sourcecode.swift; path = Moonshot_V3Tests.swift; sourceTree = "<group>"; };
		B69D58A2270D8A4300F3ED77 /* Moonshot V3UITests.xctest */ = {isa = PBXFileReference; explicitFileType = wrapper.cfbundle; includeInIndex = 0; path = "Moonshot V3UITests.xctest"; sourceTree = BUILT_PRODUCTS_DIR; };
		B69D58A6270D8A4300F3ED77 /* Moonshot_V3UITests.swift */ = {isa = PBXFileReference; lastKnownFileType = sourcecode.swift; path = Moonshot_V3UITests.swift; sourceTree = "<group>"; };
		B69D58A8270D8A4300F3ED77 /* Moonshot_V3UITestsLaunchTests.swift */ = {isa = PBXFileReference; lastKnownFileType = sourcecode.swift; path = Moonshot_V3UITestsLaunchTests.swift; sourceTree = "<group>"; };
/* End PBXFileReference section */

/* Begin PBXFrameworksBuildPhase section */
		B69D5885270D8A4000F3ED77 /* Frameworks */ = {
			isa = PBXFrameworksBuildPhase;
			buildActionMask = 2147483647;
			files = (
			);
			runOnlyForDeploymentPostprocessing = 0;
		};
		B69D5895270D8A4300F3ED77 /* Frameworks */ = {
			isa = PBXFrameworksBuildPhase;
			buildActionMask = 2147483647;
			files = (
			);
			runOnlyForDeploymentPostprocessing = 0;
		};
		B69D589F270D8A4300F3ED77 /* Frameworks */ = {
			isa = PBXFrameworksBuildPhase;
			buildActionMask = 2147483647;
			files = (
			);
			runOnlyForDeploymentPostprocessing = 0;
		};
/* End PBXFrameworksBuildPhase section */

/* Begin PBXGroup section */
		B69D587F270D8A4000F3ED77 = {
			isa = PBXGroup;
			children = (
				B69D588A270D8A4000F3ED77 /* Moonshot V3 */,
				B69D589B270D8A4300F3ED77 /* Moonshot V3Tests */,
				B69D58A5270D8A4300F3ED77 /* Moonshot V3UITests */,
				B69D5889270D8A4000F3ED77 /* Products */,
			);
			sourceTree = "<group>";
		};
		B69D5889270D8A4000F3ED77 /* Products */ = {
			isa = PBXGroup;
			children = (
				B69D5888270D8A4000F3ED77 /* Moonshot V3.app */,
				B69D5898270D8A4300F3ED77 /* Moonshot V3Tests.xctest */,
				B69D58A2270D8A4300F3ED77 /* Moonshot V3UITests.xctest */,
			);
			name = Products;
			sourceTree = "<group>";
		};
		B69D588A270D8A4000F3ED77 /* Moonshot V3 */ = {
			isa = PBXGroup;
			children = (
				B69D588B270D8A4000F3ED77 /* Moonshot_V3App.swift */,
				B69D588D270D8A4000F3ED77 /* ContentView.swift */,
				B69D588F270D8A4300F3ED77 /* Assets.xcassets */,
				B69D5891270D8A4300F3ED77 /* Preview Content */,
			);
			path = "Moonshot V3";
			sourceTree = "<group>";
		};
		B69D5891270D8A4300F3ED77 /* Preview Content */ = {
			isa = PBXGroup;
			children = (
				B69D5892270D8A4300F3ED77 /* Preview Assets.xcassets */,
			);
			path = "Preview Content";
			sourceTree = "<group>";
		};
		B69D589B270D8A4300F3ED77 /* Moonshot V3Tests */ = {
			isa = PBXGroup;
			children = (
				B69D589C270D8A4300F3ED77 /* Moonshot_V3Tests.swift */,
			);
			path = "Moonshot V3Tests";
			sourceTree = "<group>";
		};
		B69D58A5270D8A4300F3ED77 /* Moonshot V3UITests */ = {
			isa = PBXGroup;
			children = (
				B69D58A6270D8A4300F3ED77 /* Moonshot_V3UITests.swift */,
				B69D58A8270D8A4300F3ED77 /* Moonshot_V3UITestsLaunchTests.swift */,
			);
			path = "Moonshot V3UITests";
			sourceTree = "<group>";
		};
/* End PBXGroup section */

/* Begin PBXNativeTarget section */
		B69D5887270D8A4000F3ED77 /* Moonshot V3 */ = {
			isa = PBXNativeTarget;
			buildConfigurationList = B69D58AC270D8A4300F3ED77 /* Build configuration list for PBXNativeTarget "Moonshot V3" */;
			buildPhases = (
				B69D5884270D8A4000F3ED77 /* Sources */,
				B69D5885270D8A4000F3ED77 /* Frameworks */,
				B69D5886270D8A4000F3ED77 /* Resources */,
			);
			buildRules = (
			);
			dependencies = (
			);
			name = "Moonshot V3";
			productName = "Moonshot V3";
			productReference = B69D5888270D8A4000F3ED77 /* Moonshot V3.app */;
			productType = "com.apple.product-type.application";
		};
		B69D5897270D8A4300F3ED77 /* Moonshot V3Tests */ = {
			isa = PBXNativeTarget;
			buildConfigurationList = B69D58AF270D8A4300F3ED77 /* Build configuration list for PBXNativeTarget "Moonshot V3Tests" */;
			buildPhases = (
				B69D5894270D8A4300F3ED77 /* Sources */,
				B69D5895270D8A4300F3ED77 /* Frameworks */,
				B69D5896270D8A4300F3ED77 /* Resources */,
			);
			buildRules = (
			);
			dependencies = (
				B69D589A270D8A4300F3ED77 /* PBXTargetDependency */,
			);
			name = "Moonshot V3Tests";
			productName = "Moonshot V3Tests";
			productReference = B69D5898270D8A4300F3ED77 /* Moonshot V3Tests.xctest */;
			productType = "com.apple.product-type.bundle.unit-test";
		};
		B69D58A1270D8A4300F3ED77 /* Moonshot V3UITests */ = {
			isa = PBXNativeTarget;
			buildConfigurationList = B69D58B2270D8A4300F3ED77 /* Build configuration list for PBXNativeTarget "Moonshot V3UITests" */;
			buildPhases = (
				B69D589E270D8A4300F3ED77 /* Sources */,
				B69D589F270D8A4300F3ED77 /* Frameworks */,
				B69D58A0270D8A4300F3ED77 /* Resources */,
			);
			buildRules = (
			);
			dependencies = (
				B69D58A4270D8A4300F3ED77 /* PBXTargetDependency */,
			);
			name = "Moonshot V3UITests";
			productName = "Moonshot V3UITests";
			productReference = B69D58A2270D8A4300F3ED77 /* Moonshot V3UITests.xctest */;
			productType = "com.apple.product-type.bundle.ui-testing";
		};
/* End PBXNativeTarget section */

/* Begin PBXProject section */
		B69D5880270D8A4000F3ED77 /* Project object */ = {
			isa = PBXProject;
			attributes = {
				BuildIndependentTargetsInParallel = 1;
				LastSwiftUpdateCheck = 1300;
				LastUpgradeCheck = 1300;
				TargetAttributes = {
					B69D5887270D8A4000F3ED77 = {
						CreatedOnToolsVersion = 13.0;
					};
					B69D5897270D8A4300F3ED77 = {
						CreatedOnToolsVersion = 13.0;
						TestTargetID = B69D5887270D8A4000F3ED77;
					};
					B69D58A1270D8A4300F3ED77 = {
						CreatedOnToolsVersion = 13.0;
						TestTargetID = B69D5887270D8A4000F3ED77;
					};
				};
			};
			buildConfigurationList = B69D5883270D8A4000F3ED77 /* Build configuration list for PBXProject "Moonshot V3" */;
			compatibilityVersion = "Xcode 13.0";
			developmentRegion = en;
			hasScannedForEncodings = 0;
			knownRegions = (
				en,
				Base,
			);
			mainGroup = B69D587F270D8A4000F3ED77;
			productRefGroup = B69D5889270D8A4000F3ED77 /* Products */;
			projectDirPath = "";
			projectRoot = "";
			targets = (
				B69D5887270D8A4000F3ED77 /* Moonshot V3 */,
				B69D5897270D8A4300F3ED77 /* Moonshot V3Tests */,
				B69D58A1270D8A4300F3ED77 /* Moonshot V3UITests */,
			);
		};
/* End PBXProject section */

/* Begin PBXResourcesBuildPhase section */
		B69D5886270D8A4000F3ED77 /* Resources */ = {
			isa = PBXResourcesBuildPhase;
			buildActionMask = 2147483647;
			files = (
				B69D5893270D8A4300F3ED77 /* Preview Assets.xcassets in Resources */,
				B69D5890270D8A4300F3ED77 /* Assets.xcassets in Resources */,
			);
			runOnlyForDeploymentPostprocessing = 0;
		};
		B69D5896270D8A4300F3ED77 /* Resources */ = {
			isa = PBXResourcesBuildPhase;
			buildActionMask = 2147483647;
			files = (
			);
			runOnlyForDeploymentPostprocessing = 0;
		};
		B69D58A0270D8A4300F3ED77 /* Resources */ = {
			isa = PBXResourcesBuildPhase;
			buildActionMask = 2147483647;
			files = (
			);
			runOnlyForDeploymentPostprocessing = 0;
		};
/* End PBXResourcesBuildPhase section */

/* Begin PBXSourcesBuildPhase section */
		B69D5884270D8A4000F3ED77 /* Sources */ = {
			isa = PBXSourcesBuildPhase;
			buildActionMask = 2147483647;
			files = (
				B69D588E270D8A4000F3ED77 /* ContentView.swift in Sources */,
				B69D588C270D8A4000F3ED77 /* Moonshot_V3App.swift in Sources */,
			);
			runOnlyForDeploymentPostprocessing = 0;
		};
		B69D5894270D8A4300F3ED77 /* Sources */ = {
			isa = PBXSourcesBuildPhase;
			buildActionMask = 2147483647;
			files = (
				B69D589D270D8A4300F3ED77 /* Moonshot_V3Tests.swift in Sources */,
			);
			runOnlyForDeploymentPostprocessing = 0;
		};
		B69D589E270D8A4300F3ED77 /* Sources */ = {
			isa = PBXSourcesBuildPhase;
			buildActionMask = 2147483647;
			files = (
				B69D58A9270D8A4300F3ED77 /* Moonshot_V3UITestsLaunchTests.swift in Sources */,
				B69D58A7270D8A4300F3ED77 /* Moonshot_V3UITests.swift in Sources */,
			);
			runOnlyForDeploymentPostprocessing = 0;
		};
/* End PBXSourcesBuildPhase section */

/* Begin PBXTargetDependency section */
		B69D589A270D8A4300F3ED77 /* PBXTargetDependency */ = {
			isa = PBXTargetDependency;
			target = B69D5887270D8A4000F3ED77 /* Moonshot V3 */;
			targetProxy = B69D5899270D8A4300F3ED77 /* PBXContainerItemProxy */;
		};
		B69D58A4270D8A4300F3ED77 /* PBXTargetDependency */ = {
			isa = PBXTargetDependency;
			target = B69D5887270D8A4000F3ED77 /* Moonshot V3 */;
			targetProxy = B69D58A3270D8A4300F3ED77 /* PBXContainerItemProxy */;
		};
/* End PBXTargetDependency section */

/* Begin XCBuildConfiguration section */
		B69D58AA270D8A4300F3ED77 /* Debug */ = {
			isa = XCBuildConfiguration;
			buildSettings = {
				ALWAYS_SEARCH_USER_PATHS = NO;
				CLANG_ANALYZER_NONNULL = YES;
				CLANG_ANALYZER_NUMBER_OBJECT_CONVERSION = YES_AGGRESSIVE;
				CLANG_CXX_LANGUAGE_STANDARD = "gnu++17";
				CLANG_CXX_LIBRARY = "libc++";
				CLANG_ENABLE_MODULES = YES;
				CLANG_ENABLE_OBJC_ARC = YES;
				CLANG_ENABLE_OBJC_WEAK = YES;
				CLANG_WARN_BLOCK_CAPTURE_AUTORELEASING = YES;
				CLANG_WARN_BOOL_CONVERSION = YES;
				CLANG_WARN_COMMA = YES;
				CLANG_WARN_CONSTANT_CONVERSION = YES;
				CLANG_WARN_DEPRECATED_OBJC_IMPLEMENTATIONS = YES;
				CLANG_WARN_DIRECT_OBJC_ISA_USAGE = YES_ERROR;
				CLANG_WARN_DOCUMENTATION_COMMENTS = YES;
				CLANG_WARN_EMPTY_BODY = YES;
				CLANG_WARN_ENUM_CONVERSION = YES;
				CLANG_WARN_INFINITE_RECURSION = YES;
				CLANG_WARN_INT_CONVERSION = YES;
				CLANG_WARN_NON_LITERAL_NULL_CONVERSION = YES;
				CLANG_WARN_OBJC_IMPLICIT_RETAIN_SELF = YES;
				CLANG_WARN_OBJC_LITERAL_CONVERSION = YES;
				CLANG_WARN_OBJC_ROOT_CLASS = YES_ERROR;
				CLANG_WARN_QUOTED_INCLUDE_IN_FRAMEWORK_HEADER = YES;
				CLANG_WARN_RANGE_LOOP_ANALYSIS = YES;
				CLANG_WARN_STRICT_PROTOTYPES = YES;
				CLANG_WARN_SUSPICIOUS_MOVE = YES;
				CLANG_WARN_UNGUARDED_AVAILABILITY = YES_AGGRESSIVE;
				CLANG_WARN_UNREACHABLE_CODE = YES;
				CLANG_WARN__DUPLICATE_METHOD_MATCH = YES;
				COPY_PHASE_STRIP = NO;
				DEBUG_INFORMATION_FORMAT = dwarf;
				ENABLE_STRICT_OBJC_MSGSEND = YES;
				ENABLE_TESTABILITY = YES;
				GCC_C_LANGUAGE_STANDARD = gnu11;
				GCC_DYNAMIC_NO_PIC = NO;
				GCC_NO_COMMON_BLOCKS = YES;
				GCC_OPTIMIZATION_LEVEL = 0;
				GCC_PREPROCESSOR_DEFINITIONS = (
					"DEBUG=1",
					"$(inherited)",
				);
				GCC_WARN_64_TO_32_BIT_CONVERSION = YES;
				GCC_WARN_ABOUT_RETURN_TYPE = YES_ERROR;
				GCC_WARN_UNDECLARED_SELECTOR = YES;
				GCC_WARN_UNINITIALIZED_AUTOS = YES_AGGRESSIVE;
				GCC_WARN_UNUSED_FUNCTION = YES;
				GCC_WARN_UNUSED_VARIABLE = YES;
				IPHONEOS_DEPLOYMENT_TARGET = 15.0;
				MTL_ENABLE_DEBUG_INFO = INCLUDE_SOURCE;
				MTL_FAST_MATH = YES;
				ONLY_ACTIVE_ARCH = YES;
				SDKROOT = iphoneos;
				SWIFT_ACTIVE_COMPILATION_CONDITIONS = DEBUG;
				SWIFT_OPTIMIZATION_LEVEL = "-Onone";
			};
			name = Debug;
		};
		B69D58AB270D8A4300F3ED77 /* Release */ = {
			isa = XCBuildConfiguration;
			buildSettings = {
				ALWAYS_SEARCH_USER_PATHS = NO;
				CLANG_ANALYZER_NONNULL = YES;
				CLANG_ANALYZER_NUMBER_OBJECT_CONVERSION = YES_AGGRESSIVE;
				CLANG_CXX_LANGUAGE_STANDARD = "gnu++17";
				CLANG_CXX_LIBRARY = "libc++";
				CLANG_ENABLE_MODULES = YES;
				CLANG_ENABLE_OBJC_ARC = YES;
				CLANG_ENABLE_OBJC_WEAK = YES;
				CLANG_WARN_BLOCK_CAPTURE_AUTORELEASING = YES;
				CLANG_WARN_BOOL_CONVERSION = YES;
				CLANG_WARN_COMMA = YES;
				CLANG_WARN_CONSTANT_CONVERSION = YES;
				CLANG_WARN_DEPRECATED_OBJC_IMPLEMENTATIONS = YES;
				CLANG_WARN_DIRECT_OBJC_ISA_USAGE = YES_ERROR;
				CLANG_WARN_DOCUMENTATION_COMMENTS = YES;
				CLANG_WARN_EMPTY_BODY = YES;
				CLANG_WARN_ENUM_CONVERSION = YES;
				CLANG_WARN_INFINITE_RECURSION = YES;
				CLANG_WARN_INT_CONVERSION = YES;
				CLANG_WARN_NON_LITERAL_NULL_CONVERSION = YES;
				CLANG_WARN_OBJC_IMPLICIT_RETAIN_SELF = YES;
				CLANG_WARN_OBJC_LITERAL_CONVERSION = YES;
				CLANG_WARN_OBJC_ROOT_CLASS = YES_ERROR;
				CLANG_WARN_QUOTED_INCLUDE_IN_FRAMEWORK_HEADER = YES;
				CLANG_WARN_RANGE_LOOP_ANALYSIS = YES;
				CLANG_WARN_STRICT_PROTOTYPES = YES;
				CLANG_WARN_SUSPICIOUS_MOVE = YES;
				CLANG_WARN_UNGUARDED_AVAILABILITY = YES_AGGRESSIVE;
				CLANG_WARN_UNREACHABLE_CODE = YES;
				CLANG_WARN__DUPLICATE_METHOD_MATCH = YES;
				COPY_PHASE_STRIP = NO;
				DEBUG_INFORMATION_FORMAT = "dwarf-with-dsym";
				ENABLE_NS_ASSERTIONS = NO;
				ENABLE_STRICT_OBJC_MSGSEND = YES;
				GCC_C_LANGUAGE_STANDARD = gnu11;
				GCC_NO_COMMON_BLOCKS = YES;
				GCC_WARN_64_TO_32_BIT_CONVERSION = YES;
				GCC_WARN_ABOUT_RETURN_TYPE = YES_ERROR;
				GCC_WARN_UNDECLARED_SELECTOR = YES;
				GCC_WARN_UNINITIALIZED_AUTOS = YES_AGGRESSIVE;
				GCC_WARN_UNUSED_FUNCTION = YES;
				GCC_WARN_UNUSED_VARIABLE = YES;
				IPHONEOS_DEPLOYMENT_TARGET = 15.0;
				MTL_ENABLE_DEBUG_INFO = NO;
				MTL_FAST_MATH = YES;
				SDKROOT = iphoneos;
				SWIFT_COMPILATION_MODE = wholemodule;
				SWIFT_OPTIMIZATION_LEVEL = "-O";
				VALIDATE_PRODUCT = YES;
			};
			name = Release;
		};
		B69D58AD270D8A4300F3ED77 /* Debug */ = {
			isa = XCBuildConfiguration;
			buildSettings = {
				ASSETCATALOG_COMPILER_APPICON_NAME = AppIcon;
				ASSETCATALOG_COMPILER_GLOBAL_ACCENT_COLOR_NAME = AccentColor;
				CODE_SIGN_STYLE = Automatic;
				CURRENT_PROJECT_VERSION = 1;
				DEVELOPMENT_ASSET_PATHS = "\"Moonshot V3/Preview Content\"";
				DEVELOPMENT_TEAM = 2FRR58PFB2;
				ENABLE_PREVIEWS = YES;
				GENERATE_INFOPLIST_FILE = YES;
				INFOPLIST_KEY_UIApplicationSceneManifest_Generation = YES;
				INFOPLIST_KEY_UIApplicationSupportsIndirectInputEvents = YES;
				INFOPLIST_KEY_UILaunchScreen_Generation = YES;
				INFOPLIST_KEY_UISupportedInterfaceOrientations_iPad = "UIInterfaceOrientationPortrait UIInterfaceOrientationPortraitUpsideDown UIInterfaceOrientationLandscapeLeft UIInterfaceOrientationLandscapeRight";
				INFOPLIST_KEY_UISupportedInterfaceOrientations_iPhone = "UIInterfaceOrientationPortrait UIInterfaceOrientationLandscapeLeft UIInterfaceOrientationLandscapeRight";
				IPHONEOS_DEPLOYMENT_TARGET = 14.0;
				LD_RUNPATH_SEARCH_PATHS = (
					"$(inherited)",
					"@executable_path/Frameworks",
				);
				MARKETING_VERSION = 1.0;
				PRODUCT_BUNDLE_IDENTIFIER = "com.yashpoojary.Moonshot-V3";
				PRODUCT_NAME = "$(TARGET_NAME)";
				SWIFT_EMIT_LOC_STRINGS = YES;
				SWIFT_VERSION = 5.0;
				TARGETED_DEVICE_FAMILY = "1,2";
			};
			name = Debug;
		};
		B69D58AE270D8A4300F3ED77 /* Release */ = {
			isa = XCBuildConfiguration;
			buildSettings = {
				ASSETCATALOG_COMPILER_APPICON_NAME = AppIcon;
				ASSETCATALOG_COMPILER_GLOBAL_ACCENT_COLOR_NAME = AccentColor;
				CODE_SIGN_STYLE = Automatic;
				CURRENT_PROJECT_VERSION = 1;
				DEVELOPMENT_ASSET_PATHS = "\"Moonshot V3/Preview Content\"";
				DEVELOPMENT_TEAM = 2FRR58PFB2;
				ENABLE_PREVIEWS = YES;
				GENERATE_INFOPLIST_FILE = YES;
				INFOPLIST_KEY_UIApplicationSceneManifest_Generation = YES;
				INFOPLIST_KEY_UIApplicationSupportsIndirectInputEvents = YES;
				INFOPLIST_KEY_UILaunchScreen_Generation = YES;
				INFOPLIST_KEY_UISupportedInterfaceOrientations_iPad = "UIInterfaceOrientationPortrait UIInterfaceOrientationPortraitUpsideDown UIInterfaceOrientationLandscapeLeft UIInterfaceOrientationLandscapeRight";
				INFOPLIST_KEY_UISupportedInterfaceOrientations_iPhone = "UIInterfaceOrientationPortrait UIInterfaceOrientationLandscapeLeft UIInterfaceOrientationLandscapeRight";
				IPHONEOS_DEPLOYMENT_TARGET = 14.0;
				LD_RUNPATH_SEARCH_PATHS = (
					"$(inherited)",
					"@executable_path/Frameworks",
				);
				MARKETING_VERSION = 1.0;
				PRODUCT_BUNDLE_IDENTIFIER = "com.yashpoojary.Moonshot-V3";
				PRODUCT_NAME = "$(TARGET_NAME)";
				SWIFT_EMIT_LOC_STRINGS = YES;
				SWIFT_VERSION = 5.0;
				TARGETED_DEVICE_FAMILY = "1,2";
			};
			name = Release;
		};
		B69D58B0270D8A4300F3ED77 /* Debug */ = {
			isa = XCBuildConfiguration;
			buildSettings = {
				ALWAYS_EMBED_SWIFT_STANDARD_LIBRARIES = YES;
				BUNDLE_LOADER = "$(TEST_HOST)";
				CODE_SIGN_STYLE = Automatic;
				CURRENT_PROJECT_VERSION = 1;
				DEVELOPMENT_TEAM = 2FRR58PFB2;
				GENERATE_INFOPLIST_FILE = YES;
				IPHONEOS_DEPLOYMENT_TARGET = 14.0;
				LD_RUNPATH_SEARCH_PATHS = (
					"$(inherited)",
					"@executable_path/Frameworks",
					"@loader_path/Frameworks",
				);
				MARKETING_VERSION = 1.0;
				PRODUCT_BUNDLE_IDENTIFIER = "com.yashpoojary.Moonshot-V3Tests";
				PRODUCT_NAME = "$(TARGET_NAME)";
				SWIFT_EMIT_LOC_STRINGS = NO;
				SWIFT_VERSION = 5.0;
				TARGETED_DEVICE_FAMILY = "1,2";
				TEST_HOST = "$(BUILT_PRODUCTS_DIR)/Moonshot V3.app/Moonshot V3";
			};
			name = Debug;
		};
		B69D58B1270D8A4300F3ED77 /* Release */ = {
			isa = XCBuildConfiguration;
			buildSettings = {
				ALWAYS_EMBED_SWIFT_STANDARD_LIBRARIES = YES;
				BUNDLE_LOADER = "$(TEST_HOST)";
				CODE_SIGN_STYLE = Automatic;
				CURRENT_PROJECT_VERSION = 1;
				DEVELOPMENT_TEAM = 2FRR58PFB2;
				GENERATE_INFOPLIST_FILE = YES;
				IPHONEOS_DEPLOYMENT_TARGET = 14.0;
				LD_RUNPATH_SEARCH_PATHS = (
					"$(inherited)",
					"@executable_path/Frameworks",
					"@loader_path/Frameworks",
				);
				MARKETING_VERSION = 1.0;
				PRODUCT_BUNDLE_IDENTIFIER = "com.yashpoojary.Moonshot-V3Tests";
				PRODUCT_NAME = "$(TARGET_NAME)";
				SWIFT_EMIT_LOC_STRINGS = NO;
				SWIFT_VERSION = 5.0;
				TARGETED_DEVICE_FAMILY = "1,2";
				TEST_HOST = "$(BUILT_PRODUCTS_DIR)/Moonshot V3.app/Moonshot V3";
			};
			name = Release;
		};
		B69D58B3270D8A4300F3ED77 /* Debug */ = {
			isa = XCBuildConfiguration;
			buildSettings = {
				ALWAYS_EMBED_SWIFT_STANDARD_LIBRARIES = YES;
				CODE_SIGN_STYLE = Automatic;
				CURRENT_PROJECT_VERSION = 1;
				DEVELOPMENT_TEAM = 2FRR58PFB2;
				GENERATE_INFOPLIST_FILE = YES;
				LD_RUNPATH_SEARCH_PATHS = (
					"$(inherited)",
					"@executable_path/Frameworks",
					"@loader_path/Frameworks",
				);
				MARKETING_VERSION = 1.0;
				PRODUCT_BUNDLE_IDENTIFIER = "com.yashpoojary.Moonshot-V3UITests";
				PRODUCT_NAME = "$(TARGET_NAME)";
				SWIFT_EMIT_LOC_STRINGS = NO;
				SWIFT_VERSION = 5.0;
				TARGETED_DEVICE_FAMILY = "1,2";
				TEST_TARGET_NAME = "Moonshot V3";
			};
			name = Debug;
		};
		B69D58B4270D8A4300F3ED77 /* Release */ = {
			isa = XCBuildConfiguration;
			buildSettings = {
				ALWAYS_EMBED_SWIFT_STANDARD_LIBRARIES = YES;
				CODE_SIGN_STYLE = Automatic;
				CURRENT_PROJECT_VERSION = 1;
				DEVELOPMENT_TEAM = 2FRR58PFB2;
				GENERATE_INFOPLIST_FILE = YES;
				LD_RUNPATH_SEARCH_PATHS = (
					"$(inherited)",
					"@executable_path/Frameworks",
					"@loader_path/Frameworks",
				);
				MARKETING_VERSION = 1.0;
				PRODUCT_BUNDLE_IDENTIFIER = "com.yashpoojary.Moonshot-V3UITests";
				PRODUCT_NAME = "$(TARGET_NAME)";
				SWIFT_EMIT_LOC_STRINGS = NO;
				SWIFT_VERSION = 5.0;
				TARGETED_DEVICE_FAMILY = "1,2";
				TEST_TARGET_NAME = "Moonshot V3";
			};
			name = Release;
		};
/* End XCBuildConfiguration section */

/* Begin XCConfigurationList section */
		B69D5883270D8A4000F3ED77 /* Build configuration list for PBXProject "Moonshot V3" */ = {
			isa = XCConfigurationList;
			buildConfigurations = (
				B69D58AA270D8A4300F3ED77 /* Debug */,
				B69D58AB270D8A4300F3ED77 /* Release */,
			);
			defaultConfigurationIsVisible = 0;
			defaultConfigurationName = Release;
		};
		B69D58AC270D8A4300F3ED77 /* Build configuration list for PBXNativeTarget "Moonshot V3" */ = {
			isa = XCConfigurationList;
			buildConfigurations = (
				B69D58AD270D8A4300F3ED77 /* Debug */,
				B69D58AE270D8A4300F3ED77 /* Release */,
			);
			defaultConfigurationIsVisible = 0;
			defaultConfigurationName = Release;
		};
		B69D58AF270D8A4300F3ED77 /* Build configuration list for PBXNativeTarget "Moonshot V3Tests" */ = {
			isa = XCConfigurationList;
			buildConfigurations = (
				B69D58B0270D8A4300F3ED77 /* Debug */,
				B69D58B1270D8A4300F3ED77 /* Release */,
			);
			defaultConfigurationIsVisible = 0;
			defaultConfigurationName = Release;
		};
		B69D58B2270D8A4300F3ED77 /* Build configuration list for PBXNativeTarget "Moonshot V3UITests" */ = {
			isa = XCConfigurationList;
			buildConfigurations = (
				B69D58B3270D8A4300F3ED77 /* Debug */,
				B69D58B4270D8A4300F3ED77 /* Release */,
			);
			defaultConfigurationIsVisible = 0;
			defaultConfigurationName = Release;
		};
/* End XCConfigurationList section */
	};
	rootObject = B69D5880270D8A4000F3ED77 /* Project object */;
}
